
Microsoft Visual Studio Solution File, Format Version 12.00
# Visual Studio 14
VisualStudioVersion = 14.0.23107.0
MinimumVisualStudioVersion = 10.0.40219.1
Project("{FAE04EC0-301F-11D3-BF4B-00C04F79EFBC}") = "BLU_HotelBooking", "BLU_HotelBooking.csproj", "{2B82F340-CDEF-4823-99FF-6C3677D219DC}"
EndProject
Global
	GlobalSection(SolutionConfigurationPlatforms) = preSolution
		Debug|Any CPU = Debug|Any CPU
		Release|Any CPU = Release|Any CPU
	EndGlobalSection
	GlobalSection(ProjectConfigurationPlatforms) = postSolution
		{2B82F340-CDEF-4823-99FF-6C3677D219DC}.Debug|Any CPU.ActiveCfg = Debug|Any CPU
		{2B82F340-CDEF-4823-99FF-6C3677D219DC}.Debug|Any CPU.Build.0 = Debug|Any CPU
		{2B82F340-CDEF-4823-99FF-6C3677D219DC}.Release|Any CPU.ActiveCfg = Release|Any CPU
		{2B82F340-CDEF-4823-99FF-6C3677D219DC}.Release|Any CPU.Build.0 = Release|Any CPU
	EndGlobalSection
	GlobalSection(SolutionProperties) = preSolution
		HideSolutionNode = FALSE
	EndGlobalSection
EndGlobal
